
Microsoft Visual Studio Solution File, Format Version 12.00
# Visual Studio Version 17
VisualStudioVersion = 17.2.32516.85
MinimumVisualStudioVersion = 10.0.40219.1
Project("{FAE04EC0-301F-11D3-BF4B-00C04F79EFBC}") = "PRN_ProjectBookStore", "PRN_ProjectBookStore\PRN_ProjectBookStore.csproj", "{C6D073ED-203E-4494-84E6-8038D874BD89}"
EndProject
Global
	GlobalSection(SolutionConfigurationPlatforms) = preSolution
		Debug|Any CPU = Debug|Any CPU
		Release|Any CPU = Release|Any CPU
	EndGlobalSection
	GlobalSection(ProjectConfigurationPlatforms) = postSolution
		{C6D073ED-203E-4494-84E6-8038D874BD89}.Debug|Any CPU.ActiveCfg = Debug|Any CPU
		{C6D073ED-203E-4494-84E6-8038D874BD89}.Debug|Any CPU.Build.0 = Debug|Any CPU
		{C6D073ED-203E-4494-84E6-8038D874BD89}.Release|Any CPU.ActiveCfg = Release|Any CPU
		{C6D073ED-203E-4494-84E6-8038D874BD89}.Release|Any CPU.Build.0 = Release|Any CPU
	EndGlobalSection
	GlobalSection(SolutionProperties) = preSolution
		HideSolutionNode = FALSE
	EndGlobalSection
	GlobalSection(ExtensibilityGlobals) = postSolution
		SolutionGuid = {9287D9F2-2D3A-4930-8F3B-D1E55C07E476}
	EndGlobalSection
EndGlobal
